// !$*UTF8*$!
{
	archiveVersion = 1;
	classes = {
	};
	objectVersion = 50;
	objects = {

/* Begin PBXBuildFile section */
		3F05A9F02349071B00B774E6 /* Model.swift in Sources */ = {isa = PBXBuildFile; fileRef = 3F05A9EB234906B200B774E6 /* Model.swift */; };
		3F170C5E234963AA00E357C6 /* AddBookViewController.swift in Sources */ = {isa = PBXBuildFile; fileRef = 3F170C5D234963AA00E357C6 /* AddBookViewController.swift */; };
		3F173DA62347CFB800A152CB /* RequestTableViewController.swift in Sources */ = {isa = PBXBuildFile; fileRef = 3F173DA52347CFB800A152CB /* RequestTableViewController.swift */; };
		3F352C63237A355700CE4254 /* RegistrationViewController.swift in Sources */ = {isa = PBXBuildFile; fileRef = 3F352C62237A355700CE4254 /* RegistrationViewController.swift */; };
		3F3B6482235FC873003B1C8D /* UserViewController.swift in Sources */ = {isa = PBXBuildFile; fileRef = 3F3B6481235FC873003B1C8D /* UserViewController.swift */; };
		3F7C126723427983006ECA15 /* AppDelegate.swift in Sources */ = {isa = PBXBuildFile; fileRef = 3F7C126623427983006ECA15 /* AppDelegate.swift */; };
		3F7C126923427983006ECA15 /* AccountViewController.swift in Sources */ = {isa = PBXBuildFile; fileRef = 3F7C126823427983006ECA15 /* AccountViewController.swift */; };
		3F7C126E23427983006ECA15 /* Main.storyboard in Resources */ = {isa = PBXBuildFile; fileRef = 3F7C126C23427983006ECA15 /* Main.storyboard */; };
		3F7C127023427984006ECA15 /* Assets.xcassets in Resources */ = {isa = PBXBuildFile; fileRef = 3F7C126F23427984006ECA15 /* Assets.xcassets */; };
		3F7C127323427984006ECA15 /* LaunchScreen.storyboard in Resources */ = {isa = PBXBuildFile; fileRef = 3F7C127123427984006ECA15 /* LaunchScreen.storyboard */; };
		3F8889A9237A742B00F45EC0 /* MyBooksTableViewController.swift in Sources */ = {isa = PBXBuildFile; fileRef = 3F8889A8237A742B00F45EC0 /* MyBooksTableViewController.swift */; };
		3F8BFB942360DFF400FEA74D /* CloudKit.framework in Frameworks */ = {isa = PBXBuildFile; fileRef = 3F8BFB932360DFF400FEA74D /* CloudKit.framework */; };
		3F95A036238876F30066035B /* User.swift in Sources */ = {isa = PBXBuildFile; fileRef = 3F95A035238876F30066035B /* User.swift */; };
		3F95A0382388774B0066035B /* Book.swift in Sources */ = {isa = PBXBuildFile; fileRef = 3F95A0372388774B0066035B /* Book.swift */; };
		3F95A03A238877890066035B /* Request.swift in Sources */ = {isa = PBXBuildFile; fileRef = 3F95A039238877890066035B /* Request.swift */; };
		3F98B53923457967000AC65B /* BooksTableViewController.swift in Sources */ = {isa = PBXBuildFile; fileRef = 3F98B53823457967000AC65B /* BooksTableViewController.swift */; };
		3F98B53B234579B4000AC65B /* CategoriesTableViewController.swift in Sources */ = {isa = PBXBuildFile; fileRef = 3F98B53A234579B4000AC65B /* CategoriesTableViewController.swift */; };
		3F98B53D234579ED000AC65B /* CitiesTableViewController.swift in Sources */ = {isa = PBXBuildFile; fileRef = 3F98B53C234579ED000AC65B /* CitiesTableViewController.swift */; };
		3F98B54123457A52000AC65B /* OwnersTableViewController.swift in Sources */ = {isa = PBXBuildFile; fileRef = 3F98B54023457A52000AC65B /* OwnersTableViewController.swift */; };
		3FCB3B4C2383FC010025D5AD /* RequestRecievedInfoViewController.swift in Sources */ = {isa = PBXBuildFile; fileRef = 3FCB3B4B2383FC010025D5AD /* RequestRecievedInfoViewController.swift */; };
		3FF9DE6C235F97DC00CF9510 /* AddNewRequestViewController.swift in Sources */ = {isa = PBXBuildFile; fileRef = 3FF9DE6B235F97DC00CF9510 /* AddNewRequestViewController.swift */; };
/* End PBXBuildFile section */

/* Begin PBXFileReference section */
		3F05A9EB234906B200B774E6 /* Model.swift */ = {isa = PBXFileReference; lastKnownFileType = sourcecode.swift; path = Model.swift; sourceTree = "<group>"; };
		3F170C5D234963AA00E357C6 /* AddBookViewController.swift */ = {isa = PBXFileReference; fileEncoding = 4; lastKnownFileType = sourcecode.swift; path = AddBookViewController.swift; sourceTree = "<group>"; };
		3F173DA52347CFB800A152CB /* RequestTableViewController.swift */ = {isa = PBXFileReference; lastKnownFileType = sourcecode.swift; path = RequestTableViewController.swift; sourceTree = "<group>"; };
		3F352C62237A355700CE4254 /* RegistrationViewController.swift */ = {isa = PBXFileReference; lastKnownFileType = sourcecode.swift; path = RegistrationViewController.swift; sourceTree = "<group>"; };
		3F3B6480235FBBB7003B1C8D /* Shelf.entitlements */ = {isa = PBXFileReference; lastKnownFileType = text.plist.entitlements; path = Shelf.entitlements; sourceTree = "<group>"; };
		3F3B6481235FC873003B1C8D /* UserViewController.swift */ = {isa = PBXFileReference; lastKnownFileType = sourcecode.swift; path = UserViewController.swift; sourceTree = "<group>"; };
		3F7C126323427983006ECA15 /* Shelf.app */ = {isa = PBXFileReference; explicitFileType = wrapper.application; includeInIndex = 0; path = Shelf.app; sourceTree = BUILT_PRODUCTS_DIR; };
		3F7C126623427983006ECA15 /* AppDelegate.swift */ = {isa = PBXFileReference; lastKnownFileType = sourcecode.swift; path = AppDelegate.swift; sourceTree = "<group>"; };
		3F7C126823427983006ECA15 /* AccountViewController.swift */ = {isa = PBXFileReference; lastKnownFileType = sourcecode.swift; path = AccountViewController.swift; sourceTree = "<group>"; };
		3F7C126D23427983006ECA15 /* Base */ = {isa = PBXFileReference; lastKnownFileType = file.storyboard; name = Base; path = Base.lproj/Main.storyboard; sourceTree = "<group>"; };
		3F7C126F23427984006ECA15 /* Assets.xcassets */ = {isa = PBXFileReference; lastKnownFileType = folder.assetcatalog; path = Assets.xcassets; sourceTree = "<group>"; };
		3F7C127223427984006ECA15 /* Base */ = {isa = PBXFileReference; lastKnownFileType = file.storyboard; name = Base; path = Base.lproj/LaunchScreen.storyboard; sourceTree = "<group>"; };
		3F7C127423427984006ECA15 /* Info.plist */ = {isa = PBXFileReference; lastKnownFileType = text.plist.xml; path = Info.plist; sourceTree = "<group>"; };
		3F8889A8237A742B00F45EC0 /* MyBooksTableViewController.swift */ = {isa = PBXFileReference; lastKnownFileType = sourcecode.swift; path = MyBooksTableViewController.swift; sourceTree = "<group>"; };
		3F8BFB932360DFF400FEA74D /* CloudKit.framework */ = {isa = PBXFileReference; lastKnownFileType = wrapper.framework; name = CloudKit.framework; path = System/Library/Frameworks/CloudKit.framework; sourceTree = SDKROOT; };
		3F95A035238876F30066035B /* User.swift */ = {isa = PBXFileReference; lastKnownFileType = sourcecode.swift; path = User.swift; sourceTree = "<group>"; };
		3F95A0372388774B0066035B /* Book.swift */ = {isa = PBXFileReference; lastKnownFileType = sourcecode.swift; path = Book.swift; sourceTree = "<group>"; };
		3F95A039238877890066035B /* Request.swift */ = {isa = PBXFileReference; lastKnownFileType = sourcecode.swift; path = Request.swift; sourceTree = "<group>"; };
		3F98B53823457967000AC65B /* BooksTableViewController.swift */ = {isa = PBXFileReference; lastKnownFileType = sourcecode.swift; path = BooksTableViewController.swift; sourceTree = "<group>"; };
		3F98B53A234579B4000AC65B /* CategoriesTableViewController.swift */ = {isa = PBXFileReference; lastKnownFileType = sourcecode.swift; path = CategoriesTableViewController.swift; sourceTree = "<group>"; };
		3F98B53C234579ED000AC65B /* CitiesTableViewController.swift */ = {isa = PBXFileReference; lastKnownFileType = sourcecode.swift; path = CitiesTableViewController.swift; sourceTree = "<group>"; };
		3F98B54023457A52000AC65B /* OwnersTableViewController.swift */ = {isa = PBXFileReference; lastKnownFileType = sourcecode.swift; path = OwnersTableViewController.swift; sourceTree = "<group>"; };
		3FCB3B4B2383FC010025D5AD /* RequestRecievedInfoViewController.swift */ = {isa = PBXFileReference; lastKnownFileType = sourcecode.swift; path = RequestRecievedInfoViewController.swift; sourceTree = "<group>"; };
		3FF9DE6B235F97DC00CF9510 /* AddNewRequestViewController.swift */ = {isa = PBXFileReference; lastKnownFileType = sourcecode.swift; path = AddNewRequestViewController.swift; sourceTree = "<group>"; };
/* End PBXFileReference section */

/* Begin PBXFrameworksBuildPhase section */
		3F7C126023427983006ECA15 /* Frameworks */ = {
			isa = PBXFrameworksBuildPhase;
			buildActionMask = 2147483647;
			files = (
				3F8BFB942360DFF400FEA74D /* CloudKit.framework in Frameworks */,
			);
			runOnlyForDeploymentPostprocessing = 0;
		};
/* End PBXFrameworksBuildPhase section */

/* Begin PBXGroup section */
		3F05A9E9234906B200B774E6 /* Model */ = {
			isa = PBXGroup;
			children = (
				3F05A9EB234906B200B774E6 /* Model.swift */,
				3F95A035238876F30066035B /* User.swift */,
				3F95A0372388774B0066035B /* Book.swift */,
				3F95A039238877890066035B /* Request.swift */,
			);
			path = Model;
			sourceTree = "<group>";
		};
		3F173DA42347CF8C00A152CB /* Request Tab */ = {
			isa = PBXGroup;
			children = (
				3F173DA52347CFB800A152CB /* RequestTableViewController.swift */,
				3FF9DE6B235F97DC00CF9510 /* AddNewRequestViewController.swift */,
				3FCB3B4B2383FC010025D5AD /* RequestRecievedInfoViewController.swift */,
			);
			path = "Request Tab";
			sourceTree = "<group>";
		};
		3F7C125A23427983006ECA15 = {
			isa = PBXGroup;
			children = (
				3F7C126523427983006ECA15 /* Shelf */,
				3F7C126423427983006ECA15 /* Products */,
				3F8BFB922360DFF400FEA74D /* Frameworks */,
			);
			sourceTree = "<group>";
		};
		3F7C126423427983006ECA15 /* Products */ = {
			isa = PBXGroup;
			children = (
				3F7C126323427983006ECA15 /* Shelf.app */,
			);
			name = Products;
			sourceTree = "<group>";
		};
		3F7C126523427983006ECA15 /* Shelf */ = {
			isa = PBXGroup;
			children = (
				3F3B6480235FBBB7003B1C8D /* Shelf.entitlements */,
				3F05A9E9234906B200B774E6 /* Model */,
				3F7C126623427983006ECA15 /* AppDelegate.swift */,
				3F7C126C23427983006ECA15 /* Main.storyboard */,
				3F7C126F23427984006ECA15 /* Assets.xcassets */,
				3F7C127123427984006ECA15 /* LaunchScreen.storyboard */,
				3F7C127423427984006ECA15 /* Info.plist */,
				3F98B54323457B39000AC65B /* ViewController */,
			);
			path = Shelf;
			sourceTree = "<group>";
		};
		3F8BFB922360DFF400FEA74D /* Frameworks */ = {
			isa = PBXGroup;
			children = (
				3F8BFB932360DFF400FEA74D /* CloudKit.framework */,
			);
			name = Frameworks;
			sourceTree = "<group>";
		};
		3F98B54323457B39000AC65B /* ViewController */ = {
			isa = PBXGroup;
			children = (
				3F7C126823427983006ECA15 /* AccountViewController.swift */,
				3F8889A8237A742B00F45EC0 /* MyBooksTableViewController.swift */,
				3F170C5D234963AA00E357C6 /* AddBookViewController.swift */,
				3F173DA42347CF8C00A152CB /* Request Tab */,
				3F98B54423457B5B000AC65B /* FindABook */,
				3F3B6481235FC873003B1C8D /* UserViewController.swift */,
				3F352C62237A355700CE4254 /* RegistrationViewController.swift */,
			);
			path = ViewController;
			sourceTree = "<group>";
		};
		3F98B54423457B5B000AC65B /* FindABook */ = {
			isa = PBXGroup;
			children = (
				3F98B53A234579B4000AC65B /* CategoriesTableViewController.swift */,
				3F98B53823457967000AC65B /* BooksTableViewController.swift */,
				3F98B53C234579ED000AC65B /* CitiesTableViewController.swift */,
				3F98B54023457A52000AC65B /* OwnersTableViewController.swift */,
			);
			path = FindABook;
			sourceTree = "<group>";
		};
/* End PBXGroup section */

/* Begin PBXNativeTarget section */
		3F7C126223427983006ECA15 /* Shelf */ = {
			isa = PBXNativeTarget;
			buildConfigurationList = 3F7C127723427984006ECA15 /* Build configuration list for PBXNativeTarget "Shelf" */;
			buildPhases = (
				3F7C125F23427983006ECA15 /* Sources */,
				3F7C126023427983006ECA15 /* Frameworks */,
				3F7C126123427983006ECA15 /* Resources */,
			);
			buildRules = (
			);
			dependencies = (
			);
			name = Shelf;
			productName = Shelf;
			productReference = 3F7C126323427983006ECA15 /* Shelf.app */;
			productType = "com.apple.product-type.application";
		};
/* End PBXNativeTarget section */

/* Begin PBXProject section */
		3F7C125B23427983006ECA15 /* Project object */ = {
			isa = PBXProject;
			attributes = {
				LastSwiftUpdateCheck = 1000;
				LastUpgradeCheck = 1000;
				ORGANIZATIONNAME = Student;
				TargetAttributes = {
					3F7C126223427983006ECA15 = {
						CreatedOnToolsVersion = 10.0;
						SystemCapabilities = {
							com.apple.Push = {
								enabled = 1;
							};
							com.apple.iCloud = {
								enabled = 1;
							};
						};
					};
				};
			};
			buildConfigurationList = 3F7C125E23427983006ECA15 /* Build configuration list for PBXProject "Shelf" */;
			compatibilityVersion = "Xcode 9.3";
			developmentRegion = en;
			hasScannedForEncodings = 0;
			knownRegions = (
				en,
				Base,
			);
			mainGroup = 3F7C125A23427983006ECA15;
			productRefGroup = 3F7C126423427983006ECA15 /* Products */;
			projectDirPath = "";
			projectRoot = "";
			targets = (
				3F7C126223427983006ECA15 /* Shelf */,
			);
		};
/* End PBXProject section */

/* Begin PBXResourcesBuildPhase section */
		3F7C126123427983006ECA15 /* Resources */ = {
			isa = PBXResourcesBuildPhase;
			buildActionMask = 2147483647;
			files = (
				3F7C127323427984006ECA15 /* LaunchScreen.storyboard in Resources */,
				3F7C127023427984006ECA15 /* Assets.xcassets in Resources */,
				3F7C126E23427983006ECA15 /* Main.storyboard in Resources */,
			);
			runOnlyForDeploymentPostprocessing = 0;
		};
/* End PBXResourcesBuildPhase section */

/* Begin PBXSourcesBuildPhase section */
		3F7C125F23427983006ECA15 /* Sources */ = {
			isa = PBXSourcesBuildPhase;
			buildActionMask = 2147483647;
			files = (
				3F95A0382388774B0066035B /* Book.swift in Sources */,
				3F98B53923457967000AC65B /* BooksTableViewController.swift in Sources */,
				3F98B54123457A52000AC65B /* OwnersTableViewController.swift in Sources */,
				3FF9DE6C235F97DC00CF9510 /* AddNewRequestViewController.swift in Sources */,
				3F170C5E234963AA00E357C6 /* AddBookViewController.swift in Sources */,
				3F05A9F02349071B00B774E6 /* Model.swift in Sources */,
				3F3B6482235FC873003B1C8D /* UserViewController.swift in Sources */,
				3F95A03A238877890066035B /* Request.swift in Sources */,
				3F8889A9237A742B00F45EC0 /* MyBooksTableViewController.swift in Sources */,
				3F352C63237A355700CE4254 /* RegistrationViewController.swift in Sources */,
				3F95A036238876F30066035B /* User.swift in Sources */,
				3F173DA62347CFB800A152CB /* RequestTableViewController.swift in Sources */,
				3F7C126723427983006ECA15 /* AppDelegate.swift in Sources */,
				3F7C126923427983006ECA15 /* AccountViewController.swift in Sources */,
				3FCB3B4C2383FC010025D5AD /* RequestRecievedInfoViewController.swift in Sources */,
				3F98B53B234579B4000AC65B /* CategoriesTableViewController.swift in Sources */,
				3F98B53D234579ED000AC65B /* CitiesTableViewController.swift in Sources */,
			);
			runOnlyForDeploymentPostprocessing = 0;
		};
/* End PBXSourcesBuildPhase section */

/* Begin PBXVariantGroup section */
		3F7C126C23427983006ECA15 /* Main.storyboard */ = {
			isa = PBXVariantGroup;
			children = (
				3F7C126D23427983006ECA15 /* Base */,
			);
			name = Main.storyboard;
			sourceTree = "<group>";
		};
		3F7C127123427984006ECA15 /* LaunchScreen.storyboard */ = {
			isa = PBXVariantGroup;
			children = (
				3F7C127223427984006ECA15 /* Base */,
			);
			name = LaunchScreen.storyboard;
			sourceTree = "<group>";
		};
/* End PBXVariantGroup section */

/* Begin XCBuildConfiguration section */
		3F7C127523427984006ECA15 /* Debug */ = {
			isa = XCBuildConfiguration;
			buildSettings = {
				ALWAYS_SEARCH_USER_PATHS = NO;
				CLANG_ANALYZER_NONNULL = YES;
				CLANG_ANALYZER_NUMBER_OBJECT_CONVERSION = YES_AGGRESSIVE;
				CLANG_CXX_LANGUAGE_STANDARD = "gnu++14";
				CLANG_CXX_LIBRARY = "libc++";
				CLANG_ENABLE_MODULES = YES;
				CLANG_ENABLE_OBJC_ARC = YES;
				CLANG_ENABLE_OBJC_WEAK = YES;
				CLANG_WARN_BLOCK_CAPTURE_AUTORELEASING = YES;
				CLANG_WARN_BOOL_CONVERSION = YES;
				CLANG_WARN_COMMA = YES;
				CLANG_WARN_CONSTANT_CONVERSION = YES;
				CLANG_WARN_DEPRECATED_OBJC_IMPLEMENTATIONS = YES;
				CLANG_WARN_DIRECT_OBJC_ISA_USAGE = YES_ERROR;
				CLANG_WARN_DOCUMENTATION_COMMENTS = YES;
				CLANG_WARN_EMPTY_BODY = YES;
				CLANG_WARN_ENUM_CONVERSION = YES;
				CLANG_WARN_INFINITE_RECURSION = YES;
				CLANG_WARN_INT_CONVERSION = YES;
				CLANG_WARN_NON_LITERAL_NULL_CONVERSION = YES;
				CLANG_WARN_OBJC_IMPLICIT_RETAIN_SELF = YES;
				CLANG_WARN_OBJC_LITERAL_CONVERSION = YES;
				CLANG_WARN_OBJC_ROOT_CLASS = YES_ERROR;
				CLANG_WARN_RANGE_LOOP_ANALYSIS = YES;
				CLANG_WARN_STRICT_PROTOTYPES = YES;
				CLANG_WARN_SUSPICIOUS_MOVE = YES;
				CLANG_WARN_UNGUARDED_AVAILABILITY = YES_AGGRESSIVE;
				CLANG_WARN_UNREACHABLE_CODE = YES;
				CLANG_WARN__DUPLICATE_METHOD_MATCH = YES;
				CODE_SIGN_IDENTITY = "iPhone Developer";
				COPY_PHASE_STRIP = NO;
				DEBUG_INFORMATION_FORMAT = dwarf;
				ENABLE_STRICT_OBJC_MSGSEND = YES;
				ENABLE_TESTABILITY = YES;
				GCC_C_LANGUAGE_STANDARD = gnu11;
				GCC_DYNAMIC_NO_PIC = NO;
				GCC_NO_COMMON_BLOCKS = YES;
				GCC_OPTIMIZATION_LEVEL = 0;
				GCC_PREPROCESSOR_DEFINITIONS = (
					"DEBUG=1",
					"$(inherited)",
				);
				GCC_WARN_64_TO_32_BIT_CONVERSION = YES;
				GCC_WARN_ABOUT_RETURN_TYPE = YES_ERROR;
				GCC_WARN_UNDECLARED_SELECTOR = YES;
				GCC_WARN_UNINITIALIZED_AUTOS = YES_AGGRESSIVE;
				GCC_WARN_UNUSED_FUNCTION = YES;
				GCC_WARN_UNUSED_VARIABLE = YES;
				IPHONEOS_DEPLOYMENT_TARGET = 12.0;
				MTL_ENABLE_DEBUG_INFO = INCLUDE_SOURCE;
				MTL_FAST_MATH = YES;
				ONLY_ACTIVE_ARCH = YES;
				SDKROOT = iphoneos;
				SWIFT_ACTIVE_COMPILATION_CONDITIONS = DEBUG;
				SWIFT_OPTIMIZATION_LEVEL = "-Onone";
			};
			name = Debug;
		};
		3F7C127623427984006ECA15 /* Release */ = {
			isa = XCBuildConfiguration;
			buildSettings = {
				ALWAYS_SEARCH_USER_PATHS = NO;
				CLANG_ANALYZER_NONNULL = YES;
				CLANG_ANALYZER_NUMBER_OBJECT_CONVERSION = YES_AGGRESSIVE;
				CLANG_CXX_LANGUAGE_STANDARD = "gnu++14";
				CLANG_CXX_LIBRARY = "libc++";
				CLANG_ENABLE_MODULES = YES;
				CLANG_ENABLE_OBJC_ARC = YES;
				CLANG_ENABLE_OBJC_WEAK = YES;
				CLANG_WARN_BLOCK_CAPTURE_AUTORELEASING = YES;
				CLANG_WARN_BOOL_CONVERSION = YES;
				CLANG_WARN_COMMA = YES;
				CLANG_WARN_CONSTANT_CONVERSION = YES;
				CLANG_WARN_DEPRECATED_OBJC_IMPLEMENTATIONS = YES;
				CLANG_WARN_DIRECT_OBJC_ISA_USAGE = YES_ERROR;
				CLANG_WARN_DOCUMENTATION_COMMENTS = YES;
				CLANG_WARN_EMPTY_BODY = YES;
				CLANG_WARN_ENUM_CONVERSION = YES;
				CLANG_WARN_INFINITE_RECURSION = YES;
				CLANG_WARN_INT_CONVERSION = YES;
				CLANG_WARN_NON_LITERAL_NULL_CONVERSION = YES;
				CLANG_WARN_OBJC_IMPLICIT_RETAIN_SELF = YES;
				CLANG_WARN_OBJC_LITERAL_CONVERSION = YES;
				CLANG_WARN_OBJC_ROOT_CLASS = YES_ERROR;
				CLANG_WARN_RANGE_LOOP_ANALYSIS = YES;
				CLANG_WARN_STRICT_PROTOTYPES = YES;
				CLANG_WARN_SUSPICIOUS_MOVE = YES;
				CLANG_WARN_UNGUARDED_AVAILABILITY = YES_AGGRESSIVE;
				CLANG_WARN_UNREACHABLE_CODE = YES;
				CLANG_WARN__DUPLICATE_METHOD_MATCH = YES;
				CODE_SIGN_IDENTITY = "iPhone Developer";
				COPY_PHASE_STRIP = NO;
				DEBUG_INFORMATION_FORMAT = "dwarf-with-dsym";
				ENABLE_NS_ASSERTIONS = NO;
				ENABLE_STRICT_OBJC_MSGSEND = YES;
				GCC_C_LANGUAGE_STANDARD = gnu11;
				GCC_NO_COMMON_BLOCKS = YES;
				GCC_WARN_64_TO_32_BIT_CONVERSION = YES;
				GCC_WARN_ABOUT_RETURN_TYPE = YES_ERROR;
				GCC_WARN_UNDECLARED_SELECTOR = YES;
				GCC_WARN_UNINITIALIZED_AUTOS = YES_AGGRESSIVE;
				GCC_WARN_UNUSED_FUNCTION = YES;
				GCC_WARN_UNUSED_VARIABLE = YES;
				IPHONEOS_DEPLOYMENT_TARGET = 12.0;
				MTL_ENABLE_DEBUG_INFO = NO;
				MTL_FAST_MATH = YES;
				SDKROOT = iphoneos;
				SWIFT_COMPILATION_MODE = wholemodule;
				SWIFT_OPTIMIZATION_LEVEL = "-O";
				VALIDATE_PRODUCT = YES;
			};
			name = Release;
		};
		3F7C127823427984006ECA15 /* Debug */ = {
			isa = XCBuildConfiguration;
			buildSettings = {
				ASSETCATALOG_COMPILER_APPICON_NAME = "AppIcon-1";
				ASSETCATALOG_COMPILER_LAUNCHIMAGE_NAME = LaunchImage;
				CODE_SIGN_ENTITLEMENTS = Shelf/Shelf.entitlements;
				CODE_SIGN_IDENTITY = "iPhone Developer";
				CODE_SIGN_STYLE = Automatic;
				DEVELOPMENT_TEAM = 583N2DJ8B2;
				INFOPLIST_FILE = Shelf/Info.plist;
				LD_RUNPATH_SEARCH_PATHS = (
					"$(inherited)",
					"@executable_path/Frameworks",
				);
				PRODUCT_BUNDLE_IDENTIFIER = "edu.nwmissouri.CloudKit-InvestigationsMR";
				PRODUCT_NAME = "$(TARGET_NAME)";
				PROVISIONING_PROFILE_SPECIFIER = "";
				SWIFT_VERSION = 4.2;
				TARGETED_DEVICE_FAMILY = "1,2";
			};
			name = Debug;
		};
		3F7C127923427984006ECA15 /* Release */ = {
			isa = XCBuildConfiguration;
			buildSettings = {
				ASSETCATALOG_COMPILER_APPICON_NAME = "AppIcon-1";
				ASSETCATALOG_COMPILER_LAUNCHIMAGE_NAME = LaunchImage;
				CODE_SIGN_ENTITLEMENTS = Shelf/Shelf.entitlements;
				CODE_SIGN_IDENTITY = "iPhone Developer";
				CODE_SIGN_STYLE = Automatic;
				DEVELOPMENT_TEAM = 583N2DJ8B2;
				INFOPLIST_FILE = Shelf/Info.plist;
				LD_RUNPATH_SEARCH_PATHS = (
					"$(inherited)",
					"@executable_path/Frameworks",
				);
				PRODUCT_BUNDLE_IDENTIFIER = "edu.nwmissouri.CloudKit-InvestigationsMR";
				PRODUCT_NAME = "$(TARGET_NAME)";
				PROVISIONING_PROFILE_SPECIFIER = "";
				SWIFT_VERSION = 4.2;
				TARGETED_DEVICE_FAMILY = "1,2";
			};
			name = Release;
		};
/* End XCBuildConfiguration section */

/* Begin XCConfigurationList section */
		3F7C125E23427983006ECA15 /* Build configuration list for PBXProject "Shelf" */ = {
			isa = XCConfigurationList;
			buildConfigurations = (
				3F7C127523427984006ECA15 /* Debug */,
				3F7C127623427984006ECA15 /* Release */,
			);
			defaultConfigurationIsVisible = 0;
			defaultConfigurationName = Release;
		};
		3F7C127723427984006ECA15 /* Build configuration list for PBXNativeTarget "Shelf" */ = {
			isa = XCConfigurationList;
			buildConfigurations = (
				3F7C127823427984006ECA15 /* Debug */,
				3F7C127923427984006ECA15 /* Release */,
			);
			defaultConfigurationIsVisible = 0;
			defaultConfigurationName = Release;
		};
/* End XCConfigurationList section */
	};
	rootObject = 3F7C125B23427983006ECA15 /* Project object */;
}
